dependencies:
- name: common
  repository: oci://ghcr.io/daluca/charts
  version: 0.1.2
- name: postgresql
  repository: oci://registry-1.docker.io/bitnamicharts
  version: 16.3.1
digest: sha256:8fc44df2ea9a0800b910ca536d6402911894b2fbc966d9904becba8e21ae538c
generated: "2024-12-15T10:07:57.286449795+13:00"
