dependencies:
- name: common
  repository: oci://ghcr.io/daluca/charts
  version: 0.1.2
- name: postgresql
  repository: oci://registry-1.docker.io/bitnamicharts
  version: 16.1.2
digest: sha256:23dd0351016d747aeafe5f2752f7d7d11cb969c29b774632c6a24e72246fbf96
generated: "2024-11-13T09:49:00.454016015+13:00"
