dependencies:
- name: common
  repository: oci://ghcr.io/daluca/charts
  version: 0.1.2
- name: postgresql
  repository: oci://registry-1.docker.io/bitnamicharts
  version: 15.5.13
digest: sha256:d9d8205b9bee30967482e62c32f13ddaaee893f6fc0d9b294f03290e3479ab3e
generated: "2024-07-04T10:32:22.024249764+12:00"
